
Microsoft Visual Studio Solution File, Format Version 12.00
# Visual Studio Version 17
VisualStudioVersion = 17.10.35013.160
MinimumVisualStudioVersion = 10.0.40219.1
Project("{9A19103F-16F7-4668-BE54-9A1E7A4F7556}") = "DiarioDaGratidaoV2", "DiarioDaGratidaoV2\DiarioDaGratidaoV2\DiarioDaGratidaoV2.csproj", "{931E4F4A-C7F8-498D-B3A8-D86C8B18AB19}"
	ProjectSection(ProjectDependencies) = postProject
		{E3553A6E-D108-4875-BCE8-C07AAA5A5FBA} = {E3553A6E-D108-4875-BCE8-C07AAA5A5FBA}
	EndProjectSection
EndProject
Project("{9A19103F-16F7-4668-BE54-9A1E7A4F7556}") = "DiarioDaGratidaoV2.Client", "DiarioDaGratidaoV2\DiarioDaGratidaoV2.Client\DiarioDaGratidaoV2.Client.csproj", "{9DC965B0-3969-4D24-878B-CEFCC32DE77A}"
	ProjectSection(ProjectDependencies) = postProject
		{E3553A6E-D108-4875-BCE8-C07AAA5A5FBA} = {E3553A6E-D108-4875-BCE8-C07AAA5A5FBA}
	EndProjectSection
EndProject
Project("{9A19103F-16F7-4668-BE54-9A1E7A4F7556}") = "DiarioDaGratidaoV2.Shared", "DiarioDaGratidaoV2Shared\DiarioDaGratidaoV2.Shared.csproj", "{E3553A6E-D108-4875-BCE8-C07AAA5A5FBA}"
EndProject
Global
	GlobalSection(SolutionConfigurationPlatforms) = preSolution
		Debug|Any CPU = Debug|Any CPU
		Release|Any CPU = Release|Any CPU
	EndGlobalSection
	GlobalSection(ProjectConfigurationPlatforms) = postSolution
		{931E4F4A-C7F8-498D-B3A8-D86C8B18AB19}.Debug|Any CPU.ActiveCfg = Debug|Any CPU
		{931E4F4A-C7F8-498D-B3A8-D86C8B18AB19}.Debug|Any CPU.Build.0 = Debug|Any CPU
		{931E4F4A-C7F8-498D-B3A8-D86C8B18AB19}.Release|Any CPU.ActiveCfg = Release|Any CPU
		{931E4F4A-C7F8-498D-B3A8-D86C8B18AB19}.Release|Any CPU.Build.0 = Release|Any CPU
		{9DC965B0-3969-4D24-878B-CEFCC32DE77A}.Debug|Any CPU.ActiveCfg = Debug|Any CPU
		{9DC965B0-3969-4D24-878B-CEFCC32DE77A}.Debug|Any CPU.Build.0 = Debug|Any CPU
		{9DC965B0-3969-4D24-878B-CEFCC32DE77A}.Release|Any CPU.ActiveCfg = Release|Any CPU
		{9DC965B0-3969-4D24-878B-CEFCC32DE77A}.Release|Any CPU.Build.0 = Release|Any CPU
		{E3553A6E-D108-4875-BCE8-C07AAA5A5FBA}.Debug|Any CPU.ActiveCfg = Debug|Any CPU
		{E3553A6E-D108-4875-BCE8-C07AAA5A5FBA}.Debug|Any CPU.Build.0 = Debug|Any CPU
		{E3553A6E-D108-4875-BCE8-C07AAA5A5FBA}.Release|Any CPU.ActiveCfg = Release|Any CPU
		{E3553A6E-D108-4875-BCE8-C07AAA5A5FBA}.Release|Any CPU.Build.0 = Release|Any CPU
	EndGlobalSection
	GlobalSection(SolutionProperties) = preSolution
		HideSolutionNode = FALSE
	EndGlobalSection
	GlobalSection(ExtensibilityGlobals) = postSolution
		SolutionGuid = {370637A6-DF58-4151-898B-A5D3E57EE6CE}
	EndGlobalSection
EndGlobal
